// !$*UTF8*$!
{
	archiveVersion = 1;
	classes = {
	};
	objectVersion = 46;
	objects = {

/* Begin PBXBuildFile section */
		A62168151910D41300639990 /* Foundation.framework in Frameworks */ = {isa = PBXBuildFile; fileRef = A62168141910D41300639990 /* Foundation.framework */; };
		A62168171910D41300639990 /* CoreGraphics.framework in Frameworks */ = {isa = PBXBuildFile; fileRef = A62168161910D41300639990 /* CoreGraphics.framework */; };
		A62168191910D41300639990 /* UIKit.framework in Frameworks */ = {isa = PBXBuildFile; fileRef = A62168181910D41300639990 /* UIKit.framework */; };
		A621681F1910D41300639990 /* InfoPlist.strings in Resources */ = {isa = PBXBuildFile; fileRef = A621681D1910D41300639990 /* InfoPlist.strings */; };
		A62168211910D41300639990 /* main.m in Sources */ = {isa = PBXBuildFile; fileRef = A62168201910D41300639990 /* main.m */; };
		A62168251910D41300639990 /* AppDelegate.m in Sources */ = {isa = PBXBuildFile; fileRef = A62168241910D41300639990 /* AppDelegate.m */; };
		A62168271910D41300639990 /* Images.xcassets in Resources */ = {isa = PBXBuildFile; fileRef = A62168261910D41300639990 /* Images.xcassets */; };
		A621682E1910D41300639990 /* XCTest.framework in Frameworks */ = {isa = PBXBuildFile; fileRef = A621682D1910D41300639990 /* XCTest.framework */; };
		A621682F1910D41300639990 /* Foundation.framework in Frameworks */ = {isa = PBXBuildFile; fileRef = A62168141910D41300639990 /* Foundation.framework */; };
		A62168301910D41300639990 /* UIKit.framework in Frameworks */ = {isa = PBXBuildFile; fileRef = A62168181910D41300639990 /* UIKit.framework */; };
		A62168381910D41300639990 /* InfoPlist.strings in Resources */ = {isa = PBXBuildFile; fileRef = A62168361910D41300639990 /* InfoPlist.strings */; };
		A621683A1910D41300639990 /* blinQTests.m in Sources */ = {isa = PBXBuildFile; fileRef = A62168391910D41300639990 /* blinQTests.m */; };
/* End PBXBuildFile section */

/* Begin PBXContainerItemProxy section */
		A62168311910D41300639990 /* PBXContainerItemProxy */ = {
			isa = PBXContainerItemProxy;
			containerPortal = A62168091910D41300639990 /* Project object */;
			proxyType = 1;
			remoteGlobalIDString = A62168101910D41300639990;
			remoteInfo = blinQ;
		};
/* End PBXContainerItemProxy section */

/* Begin PBXFileReference section */
		A62168111910D41300639990 /* blinQ.app */ = {isa = PBXFileReference; explicitFileType = wrapper.application; includeInIndex = 0; path = blinQ.app; sourceTree = BUILT_PRODUCTS_DIR; };
		A62168141910D41300639990 /* Foundation.framework */ = {isa = PBXFileReference; lastKnownFileType = wrapper.framework; name = Foundation.framework; path = System/Library/Frameworks/Foundation.framework; sourceTree = SDKROOT; };
		A62168161910D41300639990 /* CoreGraphics.framework */ = {isa = PBXFileReference; lastKnownFileType = wrapper.framework; name = CoreGraphics.framework; path = System/Library/Frameworks/CoreGraphics.framework; sourceTree = SDKROOT; };
		A62168181910D41300639990 /* UIKit.framework */ = {isa = PBXFileReference; lastKnownFileType = wrapper.framework; name = UIKit.framework; path = System/Library/Frameworks/UIKit.framework; sourceTree = SDKROOT; };
		A621681C1910D41300639990 /* blinQ-Info.plist */ = {isa = PBXFileReference; lastKnownFileType = text.plist.xml; path = "blinQ-Info.plist"; sourceTree = "<group>"; };
		A621681E1910D41300639990 /* en */ = {isa = PBXFileReference; lastKnownFileType = text.plist.strings; name = en; path = en.lproj/InfoPlist.strings; sourceTree = "<group>"; };
		A62168201910D41300639990 /* main.m */ = {isa = PBXFileReference; lastKnownFileType = sourcecode.c.objc; path = main.m; sourceTree = "<group>"; };
		A62168221910D41300639990 /* blinQ-Prefix.pch */ = {isa = PBXFileReference; lastKnownFileType = sourcecode.c.h; path = "blinQ-Prefix.pch"; sourceTree = "<group>"; };
		A62168231910D41300639990 /* AppDelegate.h */ = {isa = PBXFileReference; lastKnownFileType = sourcecode.c.h; path = AppDelegate.h; sourceTree = "<group>"; };
		A62168241910D41300639990 /* AppDelegate.m */ = {isa = PBXFileReference; lastKnownFileType = sourcecode.c.objc; path = AppDelegate.m; sourceTree = "<group>"; };
		A62168261910D41300639990 /* Images.xcassets */ = {isa = PBXFileReference; lastKnownFileType = folder.assetcatalog; path = Images.xcassets; sourceTree = "<group>"; };
		A621682C1910D41300639990 /* blinQTests.xctest */ = {isa = PBXFileReference; explicitFileType = wrapper.cfbundle; includeInIndex = 0; path = blinQTests.xctest; sourceTree = BUILT_PRODUCTS_DIR; };
		A621682D1910D41300639990 /* XCTest.framework */ = {isa = PBXFileReference; lastKnownFileType = wrapper.framework; name = XCTest.framework; path = Library/Frameworks/XCTest.framework; sourceTree = DEVELOPER_DIR; };
		A62168351910D41300639990 /* blinQTests-Info.plist */ = {isa = PBXFileReference; lastKnownFileType = text.plist.xml; path = "blinQTests-Info.plist"; sourceTree = "<group>"; };
		A62168371910D41300639990 /* en */ = {isa = PBXFileReference; lastKnownFileType = text.plist.strings; name = en; path = en.lproj/InfoPlist.strings; sourceTree = "<group>"; };
		A62168391910D41300639990 /* blinQTests.m */ = {isa = PBXFileReference; lastKnownFileType = sourcecode.c.objc; path = blinQTests.m; sourceTree = "<group>"; };
/* End PBXFileReference section */

/* Begin PBXFrameworksBuildPhase section */
		A621680E1910D41300639990 /* Frameworks */ = {
			isa = PBXFrameworksBuildPhase;
			buildActionMask = 2147483647;
			files = (
				A62168171910D41300639990 /* CoreGraphics.framework in Frameworks */,
				A62168191910D41300639990 /* UIKit.framework in Frameworks */,
				A62168151910D41300639990 /* Foundation.framework in Frameworks */,
			);
			runOnlyForDeploymentPostprocessing = 0;
		};
		A62168291910D41300639990 /* Frameworks */ = {
			isa = PBXFrameworksBuildPhase;
			buildActionMask = 2147483647;
			files = (
				A621682E1910D41300639990 /* XCTest.framework in Frameworks */,
				A62168301910D41300639990 /* UIKit.framework in Frameworks */,
				A621682F1910D41300639990 /* Foundation.framework in Frameworks */,
			);
			runOnlyForDeploymentPostprocessing = 0;
		};
/* End PBXFrameworksBuildPhase section */

/* Begin PBXGroup section */
		A62168081910D41300639990 = {
			isa = PBXGroup;
			children = (
				A621681A1910D41300639990 /* blinQ */,
				A62168331910D41300639990 /* blinQTests */,
				A62168131910D41300639990 /* Frameworks */,
				A62168121910D41300639990 /* Products */,
			);
			sourceTree = "<group>";
		};
		A62168121910D41300639990 /* Products */ = {
			isa = PBXGroup;
			children = (
				A62168111910D41300639990 /* blinQ.app */,
				A621682C1910D41300639990 /* blinQTests.xctest */,
			);
			name = Products;
			sourceTree = "<group>";
		};
		A62168131910D41300639990 /* Frameworks */ = {
			isa = PBXGroup;
			children = (
				A62168141910D41300639990 /* Foundation.framework */,
				A62168161910D41300639990 /* CoreGraphics.framework */,
				A62168181910D41300639990 /* UIKit.framework */,
				A621682D1910D41300639990 /* XCTest.framework */,
			);
			name = Frameworks;
			sourceTree = "<group>";
		};
		A621681A1910D41300639990 /* blinQ */ = {
			isa = PBXGroup;
			children = (
				A62168231910D41300639990 /* AppDelegate.h */,
				A62168241910D41300639990 /* AppDelegate.m */,
				A62168261910D41300639990 /* Images.xcassets */,
				A621681B1910D41300639990 /* Supporting Files */,
			);
			path = blinQ;
			sourceTree = "<group>";
		};
		A621681B1910D41300639990 /* Supporting Files */ = {
			isa = PBXGroup;
			children = (
				A621681C1910D41300639990 /* blinQ-Info.plist */,
				A621681D1910D41300639990 /* InfoPlist.strings */,
				A62168201910D41300639990 /* main.m */,
				A62168221910D41300639990 /* blinQ-Prefix.pch */,
			);
			name = "Supporting Files";
			sourceTree = "<group>";
		};
		A62168331910D41300639990 /* blinQTests */ = {
			isa = PBXGroup;
			children = (
				A62168391910D41300639990 /* blinQTests.m */,
				A62168341910D41300639990 /* Supporting Files */,
			);
			path = blinQTests;
			sourceTree = "<group>";
		};
		A62168341910D41300639990 /* Supporting Files */ = {
			isa = PBXGroup;
			children = (
				A62168351910D41300639990 /* blinQTests-Info.plist */,
				A62168361910D41300639990 /* InfoPlist.strings */,
			);
			name = "Supporting Files";
			sourceTree = "<group>";
		};
/* End PBXGroup section */

/* Begin PBXNativeTarget section */
		A62168101910D41300639990 /* blinQ */ = {
			isa = PBXNativeTarget;
			buildConfigurationList = A621683D1910D41300639990 /* Build configuration list for PBXNativeTarget "blinQ" */;
			buildPhases = (
				A621680D1910D41300639990 /* Sources */,
				A621680E1910D41300639990 /* Frameworks */,
				A621680F1910D41300639990 /* Resources */,
			);
			buildRules = (
			);
			dependencies = (
			);
			name = blinQ;
			productName = blinQ;
			productReference = A62168111910D41300639990 /* blinQ.app */;
			productType = "com.apple.product-type.application";
		};
		A621682B1910D41300639990 /* blinQTests */ = {
			isa = PBXNativeTarget;
			buildConfigurationList = A62168401910D41300639990 /* Build configuration list for PBXNativeTarget "blinQTests" */;
			buildPhases = (
				A62168281910D41300639990 /* Sources */,
				A62168291910D41300639990 /* Frameworks */,
				A621682A1910D41300639990 /* Resources */,
			);
			buildRules = (
			);
			dependencies = (
				A62168321910D41300639990 /* PBXTargetDependency */,
			);
			name = blinQTests;
			productName = blinQTests;
			productReference = A621682C1910D41300639990 /* blinQTests.xctest */;
			productType = "com.apple.product-type.bundle.unit-test";
		};
/* End PBXNativeTarget section */

/* Begin PBXProject section */
		A62168091910D41300639990 /* Project object */ = {
			isa = PBXProject;
			attributes = {
				LastUpgradeCheck = 0510;
				ORGANIZATIONNAME = templum;
				TargetAttributes = {
					A621682B1910D41300639990 = {
						TestTargetID = A62168101910D41300639990;
					};
				};
			};
			buildConfigurationList = A621680C1910D41300639990 /* Build configuration list for PBXProject "blinQ" */;
			compatibilityVersion = "Xcode 3.2";
			developmentRegion = English;
			hasScannedForEncodings = 0;
			knownRegions = (
				en,
			);
			mainGroup = A62168081910D41300639990;
			productRefGroup = A62168121910D41300639990 /* Products */;
			projectDirPath = "";
			projectRoot = "";
			targets = (
				A62168101910D41300639990 /* blinQ */,
				A621682B1910D41300639990 /* blinQTests */,
			);
		};
/* End PBXProject section */

/* Begin PBXResourcesBuildPhase section */
		A621680F1910D41300639990 /* Resources */ = {
			isa = PBXResourcesBuildPhase;
			buildActionMask = 2147483647;
			files = (
				A621681F1910D41300639990 /* InfoPlist.strings in Resources */,
				A62168271910D41300639990 /* Images.xcassets in Resources */,
			);
			runOnlyForDeploymentPostprocessing = 0;
		};
		A621682A1910D41300639990 /* Resources */ = {
			isa = PBXResourcesBuildPhase;
			buildActionMask = 2147483647;
			files = (
				A62168381910D41300639990 /* InfoPlist.strings in Resources */,
			);
			runOnlyForDeploymentPostprocessing = 0;
		};
/* End PBXResourcesBuildPhase section */

/* Begin PBXSourcesBuildPhase section */
		A621680D1910D41300639990 /* Sources */ = {
			isa = PBXSourcesBuildPhase;
			buildActionMask = 2147483647;
			files = (
				A62168251910D41300639990 /* AppDelegate.m in Sources */,
				A62168211910D41300639990 /* main.m in Sources */,
			);
			runOnlyForDeploymentPostprocessing = 0;
		};
		A62168281910D41300639990 /* Sources */ = {
			isa = PBXSourcesBuildPhase;
			buildActionMask = 2147483647;
			files = (
				A621683A1910D41300639990 /* blinQTests.m in Sources */,
			);
			runOnlyForDeploymentPostprocessing = 0;
		};
/* End PBXSourcesBuildPhase section */

/* Begin PBXTargetDependency section */
		A62168321910D41300639990 /* PBXTargetDependency */ = {
			isa = PBXTargetDependency;
			target = A62168101910D41300639990 /* blinQ */;
			targetProxy = A62168311910D41300639990 /* PBXContainerItemProxy */;
		};
/* End PBXTargetDependency section */

/* Begin PBXVariantGroup section */
		A621681D1910D41300639990 /* InfoPlist.strings */ = {
			isa = PBXVariantGroup;
			children = (
				A621681E1910D41300639990 /* en */,
			);
			name = InfoPlist.strings;
			sourceTree = "<group>";
		};
		A62168361910D41300639990 /* InfoPlist.strings */ = {
			isa = PBXVariantGroup;
			children = (
				A62168371910D41300639990 /* en */,
			);
			name = InfoPlist.strings;
			sourceTree = "<group>";
		};
/* End PBXVariantGroup section */

/* Begin XCBuildConfiguration section */
		A621683B1910D41300639990 /* Debug */ = {
			isa = XCBuildConfiguration;
			buildSettings = {
				ALWAYS_SEARCH_USER_PATHS = NO;
				CLANG_CXX_LANGUAGE_STANDARD = "gnu++0x";
				CLANG_CXX_LIBRARY = "libc++";
				CLANG_ENABLE_MODULES = YES;
				CLANG_ENABLE_OBJC_ARC = YES;
				CLANG_WARN_BOOL_CONVERSION = YES;
				CLANG_WARN_CONSTANT_CONVERSION = YES;
				CLANG_WARN_DIRECT_OBJC_ISA_USAGE = YES_ERROR;
				CLANG_WARN_EMPTY_BODY = YES;
				CLANG_WARN_ENUM_CONVERSION = YES;
				CLANG_WARN_INT_CONVERSION = YES;
				CLANG_WARN_OBJC_ROOT_CLASS = YES_ERROR;
				CLANG_WARN__DUPLICATE_METHOD_MATCH = YES;
				"CODE_SIGN_IDENTITY[sdk=iphoneos*]" = "iPhone Developer";
				COPY_PHASE_STRIP = NO;
				GCC_C_LANGUAGE_STANDARD = gnu99;
				GCC_DYNAMIC_NO_PIC = NO;
				GCC_OPTIMIZATION_LEVEL = 0;
				GCC_PREPROCESSOR_DEFINITIONS = (
					"DEBUG=1",
					"$(inherited)",
				);
				GCC_SYMBOLS_PRIVATE_EXTERN = NO;
				GCC_WARN_64_TO_32_BIT_CONVERSION = YES;
				GCC_WARN_ABOUT_RETURN_TYPE = YES_ERROR;
				GCC_WARN_UNDECLARED_SELECTOR = YES;
				GCC_WARN_UNINITIALIZED_AUTOS = YES_AGGRESSIVE;
				GCC_WARN_UNUSED_FUNCTION = YES;
				GCC_WARN_UNUSED_VARIABLE = YES;
				IPHONEOS_DEPLOYMENT_TARGET = 7.1;
				ONLY_ACTIVE_ARCH = YES;
				SDKROOT = iphoneos;
			};
			name = Debug;
		};
		A621683C1910D41300639990 /* Release */ = {
			isa = XCBuildConfiguration;
			buildSettings = {
				ALWAYS_SEARCH_USER_PATHS = NO;
				CLANG_CXX_LANGUAGE_STANDARD = "gnu++0x";
				CLANG_CXX_LIBRARY = "libc++";
				CLANG_ENABLE_MODULES = YES;
				CLANG_ENABLE_OBJC_ARC = YES;
				CLANG_WARN_BOOL_CONVERSION = YES;
				CLANG_WARN_CONSTANT_CONVERSION = YES;
				CLANG_WARN_DIRECT_OBJC_ISA_USAGE = YES_ERROR;
				CLANG_WARN_EMPTY_BODY = YES;
				CLANG_WARN_ENUM_CONVERSION = YES;
				CLANG_WARN_INT_CONVERSION = YES;
				CLANG_WARN_OBJC_ROOT_CLASS = YES_ERROR;
				CLANG_WARN__DUPLICATE_METHOD_MATCH = YES;
				"CODE_SIGN_IDENTITY[sdk=iphoneos*]" = "iPhone Developer";
				COPY_PHASE_STRIP = YES;
				ENABLE_NS_ASSERTIONS = NO;
				GCC_C_LANGUAGE_STANDARD = gnu99;
				GCC_WARN_64_TO_32_BIT_CONVERSION = YES;
				GCC_WARN_ABOUT_RETURN_TYPE = YES_ERROR;
				GCC_WARN_UNDECLARED_SELECTOR = YES;
				GCC_WARN_UNINITIALIZED_AUTOS = YES_AGGRESSIVE;
				GCC_WARN_UNUSED_FUNCTION = YES;
				GCC_WARN_UNUSED_VARIABLE = YES;
				IPHONEOS_DEPLOYMENT_TARGET = 7.1;
				SDKROOT = iphoneos;
				VALIDATE_PRODUCT = YES;
			};
			name = Release;
		};
		A621683E1910D41300639990 /* Debug */ = {
			isa = XCBuildConfiguration;
			buildSettings = {
				ASSETCATALOG_COMPILER_APPICON_NAME = AppIcon;
				ASSETCATALOG_COMPILER_LAUNCHIMAGE_NAME = LaunchImage;
				GCC_PRECOMPILE_PREFIX_HEADER = YES;
				GCC_PREFIX_HEADER = "blinQ/blinQ-Prefix.pch";
				INFOPLIST_FILE = "blinQ/blinQ-Info.plist";
				PRODUCT_NAME = "$(TARGET_NAME)";
				WRAPPER_EXTENSION = app;
			};
			name = Debug;
		};
		A621683F1910D41300639990 /* Release */ = {
			isa = XCBuildConfiguration;
			buildSettings = {
				ASSETCATALOG_COMPILER_APPICON_NAME = AppIcon;
				ASSETCATALOG_COMPILER_LAUNCHIMAGE_NAME = LaunchImage;
				GCC_PRECOMPILE_PREFIX_HEADER = YES;
				GCC_PREFIX_HEADER = "blinQ/blinQ-Prefix.pch";
				INFOPLIST_FILE = "blinQ/blinQ-Info.plist";
				PRODUCT_NAME = "$(TARGET_NAME)";
				WRAPPER_EXTENSION = app;
			};
			name = Release;
		};
		A62168411910D41300639990 /* Debug */ = {
			isa = XCBuildConfiguration;
			buildSettings = {
				BUNDLE_LOADER = "$(BUILT_PRODUCTS_DIR)/blinQ.app/blinQ";
				FRAMEWORK_SEARCH_PATHS = (
					"$(SDKROOT)/Developer/Library/Frameworks",
					"$(inherited)",
					"$(DEVELOPER_FRAMEWORKS_DIR)",
				);
				GCC_PRECOMPILE_PREFIX_HEADER = YES;
				GCC_PREFIX_HEADER = "blinQ/blinQ-Prefix.pch";
				GCC_PREPROCESSOR_DEFINITIONS = (
					"DEBUG=1",
					"$(inherited)",
				);
				INFOPLIST_FILE = "blinQTests/blinQTests-Info.plist";
				PRODUCT_NAME = "$(TARGET_NAME)";
				TEST_HOST = "$(BUNDLE_LOADER)";
				WRAPPER_EXTENSION = xctest;
			};
			name = Debug;
		};
		A62168421910D41300639990 /* Release */ = {
			isa = XCBuildConfiguration;
			buildSettings = {
				BUNDLE_LOADER = "$(BUILT_PRODUCTS_DIR)/blinQ.app/blinQ";
				FRAMEWORK_SEARCH_PATHS = (
					"$(SDKROOT)/Developer/Library/Frameworks",
					"$(inherited)",
					"$(DEVELOPER_FRAMEWORKS_DIR)",
				);
				GCC_PRECOMPILE_PREFIX_HEADER = YES;
				GCC_PREFIX_HEADER = "blinQ/blinQ-Prefix.pch";
				INFOPLIST_FILE = "blinQTests/blinQTests-Info.plist";
				PRODUCT_NAME = "$(TARGET_NAME)";
				TEST_HOST = "$(BUNDLE_LOADER)";
				WRAPPER_EXTENSION = xctest;
			};
			name = Release;
		};
/* End XCBuildConfiguration section */

/* Begin XCConfigurationList section */
		A621680C1910D41300639990 /* Build configuration list for PBXProject "blinQ" */ = {
			isa = XCConfigurationList;
			buildConfigurations = (
				A621683B1910D41300639990 /* Debug */,
				A621683C1910D41300639990 /* Release */,
			);
			defaultConfigurationIsVisible = 0;
			defaultConfigurationName = Release;
		};
		A621683D1910D41300639990 /* Build configuration list for PBXNativeTarget "blinQ" */ = {
			isa = XCConfigurationList;
			buildConfigurations = (
				A621683E1910D41300639990 /* Debug */,
				A621683F1910D41300639990 /* Release */,
			);
			defaultConfigurationIsVisible = 0;
		};
		A62168401910D41300639990 /* Build configuration list for PBXNativeTarget "blinQTests" */ = {
			isa = XCConfigurationList;
			buildConfigurations = (
				A62168411910D41300639990 /* Debug */,
				A62168421910D41300639990 /* Release */,
			);
			defaultConfigurationIsVisible = 0;
		};
/* End XCConfigurationList section */
	};
	rootObject = A62168091910D41300639990 /* Project object */;
}
