// !$*UTF8*$!
{
	archiveVersion = 1;
	classes = {
	};
	objectVersion = 46;
	objects = {

/* Begin PBXBuildFile section */
		A62168151910D41300639990 /* Foundation.framework in Frameworks */ = {isa = PBXBuildFile; fileRef = A62168141910D41300639990 /* Foundation.framework */; };
		A62168171910D41300639990 /* CoreGraphics.framework in Frameworks */ = {isa = PBXBuildFile; fileRef = A62168161910D41300639990 /* CoreGraphics.framework */; };
		A62168191910D41300639990 /* UIKit.framework in Frameworks */ = {isa = PBXBuildFile; fileRef = A62168181910D41300639990 /* UIKit.framework */; };
		A621681F1910D41300639990 /* InfoPlist.strings in Resources */ = {isa = PBXBuildFile; fileRef = A621681D1910D41300639990 /* InfoPlist.strings */; };
		A62168211910D41300639990 /* main.m in Sources */ = {isa = PBXBuildFile; fileRef = A62168201910D41300639990 /* main.m */; };
		A62168251910D41300639990 /* AppDelegate.m in Sources */ = {isa = PBXBuildFile; fileRef = A62168241910D41300639990 /* AppDelegate.m */; };
		A62168271910D41300639990 /* Images.xcassets in Resources */ = {isa = PBXBuildFile; fileRef = A62168261910D41300639990 /* Images.xcassets */; };
		A621682E1910D41300639990 /* XCTest.framework in Frameworks */ = {isa = PBXBuildFile; fileRef = A621682D1910D41300639990 /* XCTest.framework */; };
		A621682F1910D41300639990 /* Foundation.framework in Frameworks */ = {isa = PBXBuildFile; fileRef = A62168141910D41300639990 /* Foundation.framework */; };
		A62168301910D41300639990 /* UIKit.framework in Frameworks */ = {isa = PBXBuildFile; fileRef = A62168181910D41300639990 /* UIKit.framework */; };
		A62168381910D41300639990 /* InfoPlist.strings in Resources */ = {isa = PBXBuildFile; fileRef = A62168361910D41300639990 /* InfoPlist.strings */; };
		A621683A1910D41300639990 /* blinQTests.m in Sources */ = {isa = PBXBuildFile; fileRef = A62168391910D41300639990 /* blinQTests.m */; };
		A62168891910DC3200639990 /* RegisterViewController.m in Sources */ = {isa = PBXBuildFile; fileRef = A621684A1910DC3200639990 /* RegisterViewController.m */; };
		A621688A1910DC3200639990 /* RegisterViewController.xib in Resources */ = {isa = PBXBuildFile; fileRef = A621684B1910DC3200639990 /* RegisterViewController.xib */; };
		A621688B1910DC3200639990 /* ASIAuthenticationDialog.m in Sources */ = {isa = PBXBuildFile; fileRef = A62168511910DC3200639990 /* ASIAuthenticationDialog.m */; settings = {COMPILER_FLAGS = "-fno-objc-arc"; }; };
		A621688C1910DC3200639990 /* ASIDataCompressor.m in Sources */ = {isa = PBXBuildFile; fileRef = A62168541910DC3200639990 /* ASIDataCompressor.m */; settings = {COMPILER_FLAGS = "-fno-objc-arc"; }; };
		A621688D1910DC3200639990 /* ASIDataDecompressor.m in Sources */ = {isa = PBXBuildFile; fileRef = A62168561910DC3200639990 /* ASIDataDecompressor.m */; settings = {COMPILER_FLAGS = "-fno-objc-arc"; }; };
		A621688E1910DC3200639990 /* ASIDownloadCache.m in Sources */ = {isa = PBXBuildFile; fileRef = A62168581910DC3200639990 /* ASIDownloadCache.m */; settings = {COMPILER_FLAGS = "-fno-objc-arc"; }; };
		A621688F1910DC3200639990 /* ASIFormDataRequest.m in Sources */ = {isa = PBXBuildFile; fileRef = A621685A1910DC3200639990 /* ASIFormDataRequest.m */; settings = {COMPILER_FLAGS = "-fno-objc-arc"; }; };
		A62168901910DC3200639990 /* ASIHTTPRequest.m in Sources */ = {isa = PBXBuildFile; fileRef = A621685C1910DC3200639990 /* ASIHTTPRequest.m */; settings = {COMPILER_FLAGS = "-fno-objc-arc"; }; };
		A62168911910DC3200639990 /* ASIInputStream.m in Sources */ = {isa = PBXBuildFile; fileRef = A62168601910DC3200639990 /* ASIInputStream.m */; settings = {COMPILER_FLAGS = "-fno-objc-arc"; }; };
		A62168921910DC3200639990 /* ASINetworkQueue.m in Sources */ = {isa = PBXBuildFile; fileRef = A62168621910DC3200639990 /* ASINetworkQueue.m */; settings = {COMPILER_FLAGS = "-fno-objc-arc"; }; };
		A62168931910DC3200639990 /* Reachability.m in Sources */ = {isa = PBXBuildFile; fileRef = A62168651910DC3200639990 /* Reachability.m */; settings = {COMPILER_FLAGS = "-fno-objc-arc"; }; };
		A62168941910DC3200639990 /* GDataXMLNode.m in Sources */ = {isa = PBXBuildFile; fileRef = A62168681910DC3200639990 /* GDataXMLNode.m */; settings = {COMPILER_FLAGS = "-fno-objc-arc"; }; };
		A62168951910DC3200639990 /* MBProgressHUD.m in Sources */ = {isa = PBXBuildFile; fileRef = A621686B1910DC3200639990 /* MBProgressHUD.m */; };
		A62168961910DC3200639990 /* NSObject+SBJson.m in Sources */ = {isa = PBXBuildFile; fileRef = A621686E1910DC3200639990 /* NSObject+SBJson.m */; };
		A62168971910DC3200639990 /* SBJsonParser.m in Sources */ = {isa = PBXBuildFile; fileRef = A62168711910DC3200639990 /* SBJsonParser.m */; };
		A62168981910DC3200639990 /* SBJsonStreamParser.m in Sources */ = {isa = PBXBuildFile; fileRef = A62168731910DC3200639990 /* SBJsonStreamParser.m */; };
		A62168991910DC3200639990 /* SBJsonStreamParserAccumulator.m in Sources */ = {isa = PBXBuildFile; fileRef = A62168751910DC3200639990 /* SBJsonStreamParserAccumulator.m */; };
		A621689A1910DC3200639990 /* SBJsonStreamParserAdapter.m in Sources */ = {isa = PBXBuildFile; fileRef = A62168771910DC3200639990 /* SBJsonStreamParserAdapter.m */; };
		A621689B1910DC3200639990 /* SBJsonStreamParserState.m in Sources */ = {isa = PBXBuildFile; fileRef = A62168791910DC3200639990 /* SBJsonStreamParserState.m */; };
		A621689C1910DC3200639990 /* SBJsonStreamWriter.m in Sources */ = {isa = PBXBuildFile; fileRef = A621687B1910DC3200639990 /* SBJsonStreamWriter.m */; };
		A621689D1910DC3200639990 /* SBJsonStreamWriterAccumulator.m in Sources */ = {isa = PBXBuildFile; fileRef = A621687D1910DC3200639990 /* SBJsonStreamWriterAccumulator.m */; };
		A621689E1910DC3200639990 /* SBJsonStreamWriterState.m in Sources */ = {isa = PBXBuildFile; fileRef = A621687F1910DC3200639990 /* SBJsonStreamWriterState.m */; };
		A621689F1910DC3200639990 /* SBJsonTokeniser.m in Sources */ = {isa = PBXBuildFile; fileRef = A62168811910DC3200639990 /* SBJsonTokeniser.m */; };
		A62168A01910DC3200639990 /* SBJsonUTF8Stream.m in Sources */ = {isa = PBXBuildFile; fileRef = A62168831910DC3200639990 /* SBJsonUTF8Stream.m */; };
		A62168A11910DC3200639990 /* SBJsonWriter.m in Sources */ = {isa = PBXBuildFile; fileRef = A62168851910DC3200639990 /* SBJsonWriter.m */; };
		A62168A21910DC3200639990 /* Utils.m in Sources */ = {isa = PBXBuildFile; fileRef = A62168881910DC3200639990 /* Utils.m */; };
		A697C00919125C1600391A07 /* Group.m in Sources */ = {isa = PBXBuildFile; fileRef = A697C00819125C1600391A07 /* Group.m */; };
		A697C00C1912709300391A07 /* QuestionService.m in Sources */ = {isa = PBXBuildFile; fileRef = A697C00B1912709300391A07 /* QuestionService.m */; };
		A697C010191297C600391A07 /* UserGroupViewController.m in Sources */ = {isa = PBXBuildFile; fileRef = A697C00E191297C600391A07 /* UserGroupViewController.m */; };
		A697C011191297C600391A07 /* UserGroupViewController.xib in Resources */ = {isa = PBXBuildFile; fileRef = A697C00F191297C600391A07 /* UserGroupViewController.xib */; };
		A697C0161912ABA100391A07 /* UILoadingImageView.m in Sources */ = {isa = PBXBuildFile; fileRef = A697C0121912ABA100391A07 /* UILoadingImageView.m */; };
		A697C0171912ABA100391A07 /* UILineFooterView.m in Sources */ = {isa = PBXBuildFile; fileRef = A697C0141912ABA100391A07 /* UILineFooterView.m */; };
		A6A35D911911BB6A00E52A56 /* User.m in Sources */ = {isa = PBXBuildFile; fileRef = A6A35D901911BB6A00E52A56 /* User.m */; };
		A6A35D941911BBF800E52A56 /* UserService.m in Sources */ = {isa = PBXBuildFile; fileRef = A6A35D931911BBF800E52A56 /* UserService.m */; };
		A6BC98321911740E00E3C4F2 /* CFNetwork.framework in Frameworks */ = {isa = PBXBuildFile; fileRef = A6BC98311911740E00E3C4F2 /* CFNetwork.framework */; };
		A6BC98341911742500E3C4F2 /* SystemConfiguration.framework in Frameworks */ = {isa = PBXBuildFile; fileRef = A6BC98331911742500E3C4F2 /* SystemConfiguration.framework */; };
		A6BC98361911742C00E3C4F2 /* MobileCoreServices.framework in Frameworks */ = {isa = PBXBuildFile; fileRef = A6BC98351911742C00E3C4F2 /* MobileCoreServices.framework */; };
		A6BC98381911743200E3C4F2 /* libz.dylib in Frameworks */ = {isa = PBXBuildFile; fileRef = A6BC98371911743200E3C4F2 /* libz.dylib */; };
		A6BC983B191181CC00E3C4F2 /* avatar.png in Resources */ = {isa = PBXBuildFile; fileRef = A6BC983A191181CC00E3C4F2 /* avatar.png */; };
/* End PBXBuildFile section */

/* Begin PBXContainerItemProxy section */
		A62168311910D41300639990 /* PBXContainerItemProxy */ = {
			isa = PBXContainerItemProxy;
			containerPortal = A62168091910D41300639990 /* Project object */;
			proxyType = 1;
			remoteGlobalIDString = A62168101910D41300639990;
			remoteInfo = blinQ;
		};
/* End PBXContainerItemProxy section */

/* Begin PBXFileReference section */
		A62168111910D41300639990 /* blinQ.app */ = {isa = PBXFileReference; explicitFileType = wrapper.application; includeInIndex = 0; path = blinQ.app; sourceTree = BUILT_PRODUCTS_DIR; };
		A62168141910D41300639990 /* Foundation.framework */ = {isa = PBXFileReference; lastKnownFileType = wrapper.framework; name = Foundation.framework; path = System/Library/Frameworks/Foundation.framework; sourceTree = SDKROOT; };
		A62168161910D41300639990 /* CoreGraphics.framework */ = {isa = PBXFileReference; lastKnownFileType = wrapper.framework; name = CoreGraphics.framework; path = System/Library/Frameworks/CoreGraphics.framework; sourceTree = SDKROOT; };
		A62168181910D41300639990 /* UIKit.framework */ = {isa = PBXFileReference; lastKnownFileType = wrapper.framework; name = UIKit.framework; path = System/Library/Frameworks/UIKit.framework; sourceTree = SDKROOT; };
		A621681C1910D41300639990 /* blinQ-Info.plist */ = {isa = PBXFileReference; lastKnownFileType = text.plist.xml; path = "blinQ-Info.plist"; sourceTree = "<group>"; };
		A621681E1910D41300639990 /* en */ = {isa = PBXFileReference; lastKnownFileType = text.plist.strings; name = en; path = en.lproj/InfoPlist.strings; sourceTree = "<group>"; };
		A62168201910D41300639990 /* main.m */ = {isa = PBXFileReference; lastKnownFileType = sourcecode.c.objc; path = main.m; sourceTree = "<group>"; };
		A62168221910D41300639990 /* blinQ-Prefix.pch */ = {isa = PBXFileReference; lastKnownFileType = sourcecode.c.h; path = "blinQ-Prefix.pch"; sourceTree = "<group>"; };
		A62168231910D41300639990 /* AppDelegate.h */ = {isa = PBXFileReference; lastKnownFileType = sourcecode.c.h; path = AppDelegate.h; sourceTree = "<group>"; };
		A62168241910D41300639990 /* AppDelegate.m */ = {isa = PBXFileReference; lastKnownFileType = sourcecode.c.objc; path = AppDelegate.m; sourceTree = "<group>"; };
		A62168261910D41300639990 /* Images.xcassets */ = {isa = PBXFileReference; lastKnownFileType = folder.assetcatalog; path = Images.xcassets; sourceTree = "<group>"; };
		A621682C1910D41300639990 /* blinQTests.xctest */ = {isa = PBXFileReference; explicitFileType = wrapper.cfbundle; includeInIndex = 0; path = blinQTests.xctest; sourceTree = BUILT_PRODUCTS_DIR; };
		A621682D1910D41300639990 /* XCTest.framework */ = {isa = PBXFileReference; lastKnownFileType = wrapper.framework; name = XCTest.framework; path = Library/Frameworks/XCTest.framework; sourceTree = DEVELOPER_DIR; };
		A62168351910D41300639990 /* blinQTests-Info.plist */ = {isa = PBXFileReference; lastKnownFileType = text.plist.xml; path = "blinQTests-Info.plist"; sourceTree = "<group>"; };
		A62168371910D41300639990 /* en */ = {isa = PBXFileReference; lastKnownFileType = text.plist.strings; name = en; path = en.lproj/InfoPlist.strings; sourceTree = "<group>"; };
		A62168391910D41300639990 /* blinQTests.m */ = {isa = PBXFileReference; lastKnownFileType = sourcecode.c.objc; path = blinQTests.m; sourceTree = "<group>"; };
		A62168491910DC3200639990 /* RegisterViewController.h */ = {isa = PBXFileReference; fileEncoding = 4; lastKnownFileType = sourcecode.c.h; path = RegisterViewController.h; sourceTree = "<group>"; };
		A621684A1910DC3200639990 /* RegisterViewController.m */ = {isa = PBXFileReference; fileEncoding = 4; lastKnownFileType = sourcecode.c.objc; path = RegisterViewController.m; sourceTree = "<group>"; };
		A621684B1910DC3200639990 /* RegisterViewController.xib */ = {isa = PBXFileReference; fileEncoding = 4; lastKnownFileType = file.xib; path = RegisterViewController.xib; sourceTree = "<group>"; };
		A62168501910DC3200639990 /* ASIAuthenticationDialog.h */ = {isa = PBXFileReference; fileEncoding = 4; lastKnownFileType = sourcecode.c.h; path = ASIAuthenticationDialog.h; sourceTree = "<group>"; };
		A62168511910DC3200639990 /* ASIAuthenticationDialog.m */ = {isa = PBXFileReference; fileEncoding = 4; lastKnownFileType = sourcecode.c.objc; path = ASIAuthenticationDialog.m; sourceTree = "<group>"; };
		A62168521910DC3200639990 /* ASICacheDelegate.h */ = {isa = PBXFileReference; fileEncoding = 4; lastKnownFileType = sourcecode.c.h; path = ASICacheDelegate.h; sourceTree = "<group>"; };
		A62168531910DC3200639990 /* ASIDataCompressor.h */ = {isa = PBXFileReference; fileEncoding = 4; lastKnownFileType = sourcecode.c.h; path = ASIDataCompressor.h; sourceTree = "<group>"; };
		A62168541910DC3200639990 /* ASIDataCompressor.m */ = {isa = PBXFileReference; fileEncoding = 4; lastKnownFileType = sourcecode.c.objc; path = ASIDataCompressor.m; sourceTree = "<group>"; };
		A62168551910DC3200639990 /* ASIDataDecompressor.h */ = {isa = PBXFileReference; fileEncoding = 4; lastKnownFileType = sourcecode.c.h; path = ASIDataDecompressor.h; sourceTree = "<group>"; };
		A62168561910DC3200639990 /* ASIDataDecompressor.m */ = {isa = PBXFileReference; fileEncoding = 4; lastKnownFileType = sourcecode.c.objc; path = ASIDataDecompressor.m; sourceTree = "<group>"; };
		A62168571910DC3200639990 /* ASIDownloadCache.h */ = {isa = PBXFileReference; fileEncoding = 4; lastKnownFileType = sourcecode.c.h; path = ASIDownloadCache.h; sourceTree = "<group>"; };
		A62168581910DC3200639990 /* ASIDownloadCache.m */ = {isa = PBXFileReference; fileEncoding = 4; lastKnownFileType = sourcecode.c.objc; path = ASIDownloadCache.m; sourceTree = "<group>"; };
		A62168591910DC3200639990 /* ASIFormDataRequest.h */ = {isa = PBXFileReference; fileEncoding = 4; lastKnownFileType = sourcecode.c.h; path = ASIFormDataRequest.h; sourceTree = "<group>"; };
		A621685A1910DC3200639990 /* ASIFormDataRequest.m */ = {isa = PBXFileReference; fileEncoding = 4; lastKnownFileType = sourcecode.c.objc; path = ASIFormDataRequest.m; sourceTree = "<group>"; };
		A621685B1910DC3200639990 /* ASIHTTPRequest.h */ = {isa = PBXFileReference; fileEncoding = 4; lastKnownFileType = sourcecode.c.h; path = ASIHTTPRequest.h; sourceTree = "<group>"; };
		A621685C1910DC3200639990 /* ASIHTTPRequest.m */ = {isa = PBXFileReference; fileEncoding = 4; lastKnownFileType = sourcecode.c.objc; path = ASIHTTPRequest.m; sourceTree = "<group>"; };
		A621685D1910DC3200639990 /* ASIHTTPRequestConfig.h */ = {isa = PBXFileReference; fileEncoding = 4; lastKnownFileType = sourcecode.c.h; path = ASIHTTPRequestConfig.h; sourceTree = "<group>"; };
		A621685E1910DC3200639990 /* ASIHTTPRequestDelegate.h */ = {isa = PBXFileReference; fileEncoding = 4; lastKnownFileType = sourcecode.c.h; path = ASIHTTPRequestDelegate.h; sourceTree = "<group>"; };
		A621685F1910DC3200639990 /* ASIInputStream.h */ = {isa = PBXFileReference; fileEncoding = 4; lastKnownFileType = sourcecode.c.h; path = ASIInputStream.h; sourceTree = "<group>"; };
		A62168601910DC3200639990 /* ASIInputStream.m */ = {isa = PBXFileReference; fileEncoding = 4; lastKnownFileType = sourcecode.c.objc; path = ASIInputStream.m; sourceTree = "<group>"; };
		A62168611910DC3200639990 /* ASINetworkQueue.h */ = {isa = PBXFileReference; fileEncoding = 4; lastKnownFileType = sourcecode.c.h; path = ASINetworkQueue.h; sourceTree = "<group>"; };
		A62168621910DC3200639990 /* ASINetworkQueue.m */ = {isa = PBXFileReference; fileEncoding = 4; lastKnownFileType = sourcecode.c.objc; path = ASINetworkQueue.m; sourceTree = "<group>"; };
		A62168631910DC3200639990 /* ASIProgressDelegate.h */ = {isa = PBXFileReference; fileEncoding = 4; lastKnownFileType = sourcecode.c.h; path = ASIProgressDelegate.h; sourceTree = "<group>"; };
		A62168641910DC3200639990 /* Reachability.h */ = {isa = PBXFileReference; fileEncoding = 4; lastKnownFileType = sourcecode.c.h; path = Reachability.h; sourceTree = "<group>"; };
		A62168651910DC3200639990 /* Reachability.m */ = {isa = PBXFileReference; fileEncoding = 4; lastKnownFileType = sourcecode.c.objc; path = Reachability.m; sourceTree = "<group>"; };
		A62168671910DC3200639990 /* GDataXMLNode.h */ = {isa = PBXFileReference; fileEncoding = 4; lastKnownFileType = sourcecode.c.h; path = GDataXMLNode.h; sourceTree = "<group>"; };
		A62168681910DC3200639990 /* GDataXMLNode.m */ = {isa = PBXFileReference; fileEncoding = 4; lastKnownFileType = sourcecode.c.objc; path = GDataXMLNode.m; sourceTree = "<group>"; };
		A621686A1910DC3200639990 /* MBProgressHUD.h */ = {isa = PBXFileReference; fileEncoding = 4; lastKnownFileType = sourcecode.c.h; path = MBProgressHUD.h; sourceTree = "<group>"; };
		A621686B1910DC3200639990 /* MBProgressHUD.m */ = {isa = PBXFileReference; fileEncoding = 4; lastKnownFileType = sourcecode.c.objc; path = MBProgressHUD.m; sourceTree = "<group>"; };
		A621686D1910DC3200639990 /* NSObject+SBJson.h */ = {isa = PBXFileReference; fileEncoding = 4; lastKnownFileType = sourcecode.c.h; path = "NSObject+SBJson.h"; sourceTree = "<group>"; };
		A621686E1910DC3200639990 /* NSObject+SBJson.m */ = {isa = PBXFileReference; fileEncoding = 4; lastKnownFileType = sourcecode.c.objc; path = "NSObject+SBJson.m"; sourceTree = "<group>"; };
		A621686F1910DC3200639990 /* SBJson.h */ = {isa = PBXFileReference; fileEncoding = 4; lastKnownFileType = sourcecode.c.h; path = SBJson.h; sourceTree = "<group>"; };
		A62168701910DC3200639990 /* SBJsonParser.h */ = {isa = PBXFileReference; fileEncoding = 4; lastKnownFileType = sourcecode.c.h; path = SBJsonParser.h; sourceTree = "<group>"; };
		A62168711910DC3200639990 /* SBJsonParser.m */ = {isa = PBXFileReference; fileEncoding = 4; lastKnownFileType = sourcecode.c.objc; path = SBJsonParser.m; sourceTree = "<group>"; };
		A62168721910DC3200639990 /* SBJsonStreamParser.h */ = {isa = PBXFileReference; fileEncoding = 4; lastKnownFileType = sourcecode.c.h; path = SBJsonStreamParser.h; sourceTree = "<group>"; };
		A62168731910DC3200639990 /* SBJsonStreamParser.m */ = {isa = PBXFileReference; fileEncoding = 4; lastKnownFileType = sourcecode.c.objc; path = SBJsonStreamParser.m; sourceTree = "<group>"; };
		A62168741910DC3200639990 /* SBJsonStreamParserAccumulator.h */ = {isa = PBXFileReference; fileEncoding = 4; lastKnownFileType = sourcecode.c.h; path = SBJsonStreamParserAccumulator.h; sourceTree = "<group>"; };
		A62168751910DC3200639990 /* SBJsonStreamParserAccumulator.m */ = {isa = PBXFileReference; fileEncoding = 4; lastKnownFileType = sourcecode.c.objc; path = SBJsonStreamParserAccumulator.m; sourceTree = "<group>"; };
		A62168761910DC3200639990 /* SBJsonStreamParserAdapter.h */ = {isa = PBXFileReference; fileEncoding = 4; lastKnownFileType = sourcecode.c.h; path = SBJsonStreamParserAdapter.h; sourceTree = "<group>"; };
		A62168771910DC3200639990 /* SBJsonStreamParserAdapter.m */ = {isa = PBXFileReference; fileEncoding = 4; lastKnownFileType = sourcecode.c.objc; path = SBJsonStreamParserAdapter.m; sourceTree = "<group>"; };
		A62168781910DC3200639990 /* SBJsonStreamParserState.h */ = {isa = PBXFileReference; fileEncoding = 4; lastKnownFileType = sourcecode.c.h; path = SBJsonStreamParserState.h; sourceTree = "<group>"; };
		A62168791910DC3200639990 /* SBJsonStreamParserState.m */ = {isa = PBXFileReference; fileEncoding = 4; lastKnownFileType = sourcecode.c.objc; path = SBJsonStreamParserState.m; sourceTree = "<group>"; };
		A621687A1910DC3200639990 /* SBJsonStreamWriter.h */ = {isa = PBXFileReference; fileEncoding = 4; lastKnownFileType = sourcecode.c.h; path = SBJsonStreamWriter.h; sourceTree = "<group>"; };
		A621687B1910DC3200639990 /* SBJsonStreamWriter.m */ = {isa = PBXFileReference; fileEncoding = 4; lastKnownFileType = sourcecode.c.objc; path = SBJsonStreamWriter.m; sourceTree = "<group>"; };
		A621687C1910DC3200639990 /* SBJsonStreamWriterAccumulator.h */ = {isa = PBXFileReference; fileEncoding = 4; lastKnownFileType = sourcecode.c.h; path = SBJsonStreamWriterAccumulator.h; sourceTree = "<group>"; };
		A621687D1910DC3200639990 /* SBJsonStreamWriterAccumulator.m */ = {isa = PBXFileReference; fileEncoding = 4; lastKnownFileType = sourcecode.c.objc; path = SBJsonStreamWriterAccumulator.m; sourceTree = "<group>"; };
		A621687E1910DC3200639990 /* SBJsonStreamWriterState.h */ = {isa = PBXFileReference; fileEncoding = 4; lastKnownFileType = sourcecode.c.h; path = SBJsonStreamWriterState.h; sourceTree = "<group>"; };
		A621687F1910DC3200639990 /* SBJsonStreamWriterState.m */ = {isa = PBXFileReference; fileEncoding = 4; lastKnownFileType = sourcecode.c.objc; path = SBJsonStreamWriterState.m; sourceTree = "<group>"; };
		A62168801910DC3200639990 /* SBJsonTokeniser.h */ = {isa = PBXFileReference; fileEncoding = 4; lastKnownFileType = sourcecode.c.h; path = SBJsonTokeniser.h; sourceTree = "<group>"; };
		A62168811910DC3200639990 /* SBJsonTokeniser.m */ = {isa = PBXFileReference; fileEncoding = 4; lastKnownFileType = sourcecode.c.objc; path = SBJsonTokeniser.m; sourceTree = "<group>"; };
		A62168821910DC3200639990 /* SBJsonUTF8Stream.h */ = {isa = PBXFileReference; fileEncoding = 4; lastKnownFileType = sourcecode.c.h; path = SBJsonUTF8Stream.h; sourceTree = "<group>"; };
		A62168831910DC3200639990 /* SBJsonUTF8Stream.m */ = {isa = PBXFileReference; fileEncoding = 4; lastKnownFileType = sourcecode.c.objc; path = SBJsonUTF8Stream.m; sourceTree = "<group>"; };
		A62168841910DC3200639990 /* SBJsonWriter.h */ = {isa = PBXFileReference; fileEncoding = 4; lastKnownFileType = sourcecode.c.h; path = SBJsonWriter.h; sourceTree = "<group>"; };
		A62168851910DC3200639990 /* SBJsonWriter.m */ = {isa = PBXFileReference; fileEncoding = 4; lastKnownFileType = sourcecode.c.objc; path = SBJsonWriter.m; sourceTree = "<group>"; };
		A62168871910DC3200639990 /* Utils.h */ = {isa = PBXFileReference; fileEncoding = 4; lastKnownFileType = sourcecode.c.h; path = Utils.h; sourceTree = "<group>"; };
		A62168881910DC3200639990 /* Utils.m */ = {isa = PBXFileReference; fileEncoding = 4; lastKnownFileType = sourcecode.c.objc; path = Utils.m; sourceTree = "<group>"; };
		A62BC7DF19124F97005E91EC /* Constants.h */ = {isa = PBXFileReference; fileEncoding = 4; lastKnownFileType = sourcecode.c.h; path = Constants.h; sourceTree = "<group>"; };
		A697C00719125C1600391A07 /* Group.h */ = {isa = PBXFileReference; fileEncoding = 4; lastKnownFileType = sourcecode.c.h; path = Group.h; sourceTree = "<group>"; };
		A697C00819125C1600391A07 /* Group.m */ = {isa = PBXFileReference; fileEncoding = 4; lastKnownFileType = sourcecode.c.objc; path = Group.m; sourceTree = "<group>"; };
		A697C00A1912709300391A07 /* QuestionService.h */ = {isa = PBXFileReference; fileEncoding = 4; lastKnownFileType = sourcecode.c.h; path = QuestionService.h; sourceTree = "<group>"; };
		A697C00B1912709300391A07 /* QuestionService.m */ = {isa = PBXFileReference; fileEncoding = 4; lastKnownFileType = sourcecode.c.objc; path = QuestionService.m; sourceTree = "<group>"; };
		A697C00D191297C600391A07 /* UserGroupViewController.h */ = {isa = PBXFileReference; fileEncoding = 4; lastKnownFileType = sourcecode.c.h; path = UserGroupViewController.h; sourceTree = "<group>"; };
		A697C00E191297C600391A07 /* UserGroupViewController.m */ = {isa = PBXFileReference; fileEncoding = 4; lastKnownFileType = sourcecode.c.objc; path = UserGroupViewController.m; sourceTree = "<group>"; };
		A697C00F191297C600391A07 /* UserGroupViewController.xib */ = {isa = PBXFileReference; fileEncoding = 4; lastKnownFileType = file.xib; path = UserGroupViewController.xib; sourceTree = "<group>"; };
		A697C0121912ABA100391A07 /* UILoadingImageView.m */ = {isa = PBXFileReference; fileEncoding = 4; lastKnownFileType = sourcecode.c.objc; path = UILoadingImageView.m; sourceTree = "<group>"; };
		A697C0131912ABA100391A07 /* UILoadingImageView.h */ = {isa = PBXFileReference; fileEncoding = 4; lastKnownFileType = sourcecode.c.h; path = UILoadingImageView.h; sourceTree = "<group>"; };
		A697C0141912ABA100391A07 /* UILineFooterView.m */ = {isa = PBXFileReference; fileEncoding = 4; lastKnownFileType = sourcecode.c.objc; path = UILineFooterView.m; sourceTree = "<group>"; };
		A697C0151912ABA100391A07 /* UILineFooterView.h */ = {isa = PBXFileReference; fileEncoding = 4; lastKnownFileType = sourcecode.c.h; path = UILineFooterView.h; sourceTree = "<group>"; };
		A6A35D8F1911BB6A00E52A56 /* User.h */ = {isa = PBXFileReference; fileEncoding = 4; lastKnownFileType = sourcecode.c.h; path = User.h; sourceTree = "<group>"; };
		A6A35D901911BB6A00E52A56 /* User.m */ = {isa = PBXFileReference; fileEncoding = 4; lastKnownFileType = sourcecode.c.objc; path = User.m; sourceTree = "<group>"; };
		A6A35D921911BBF800E52A56 /* UserService.h */ = {isa = PBXFileReference; fileEncoding = 4; lastKnownFileType = sourcecode.c.h; path = UserService.h; sourceTree = "<group>"; };
		A6A35D931911BBF800E52A56 /* UserService.m */ = {isa = PBXFileReference; fileEncoding = 4; lastKnownFileType = sourcecode.c.objc; path = UserService.m; sourceTree = "<group>"; };
		A6BC98311911740E00E3C4F2 /* CFNetwork.framework */ = {isa = PBXFileReference; lastKnownFileType = wrapper.framework; name = CFNetwork.framework; path = System/Library/Frameworks/CFNetwork.framework; sourceTree = SDKROOT; };
		A6BC98331911742500E3C4F2 /* SystemConfiguration.framework */ = {isa = PBXFileReference; lastKnownFileType = wrapper.framework; name = SystemConfiguration.framework; path = System/Library/Frameworks/SystemConfiguration.framework; sourceTree = SDKROOT; };
		A6BC98351911742C00E3C4F2 /* MobileCoreServices.framework */ = {isa = PBXFileReference; lastKnownFileType = wrapper.framework; name = MobileCoreServices.framework; path = System/Library/Frameworks/MobileCoreServices.framework; sourceTree = SDKROOT; };
		A6BC98371911743200E3C4F2 /* libz.dylib */ = {isa = PBXFileReference; lastKnownFileType = "compiled.mach-o.dylib"; name = libz.dylib; path = usr/lib/libz.dylib; sourceTree = SDKROOT; };
		A6BC983A191181CC00E3C4F2 /* avatar.png */ = {isa = PBXFileReference; lastKnownFileType = image.png; path = avatar.png; sourceTree = "<group>"; };
/* End PBXFileReference section */

/* Begin PBXFrameworksBuildPhase section */
		A621680E1910D41300639990 /* Frameworks */ = {
			isa = PBXFrameworksBuildPhase;
			buildActionMask = 2147483647;
			files = (
				A6BC98381911743200E3C4F2 /* libz.dylib in Frameworks */,
				A6BC98361911742C00E3C4F2 /* MobileCoreServices.framework in Frameworks */,
				A6BC98341911742500E3C4F2 /* SystemConfiguration.framework in Frameworks */,
				A62168171910D41300639990 /* CoreGraphics.framework in Frameworks */,
				A6BC98321911740E00E3C4F2 /* CFNetwork.framework in Frameworks */,
				A62168191910D41300639990 /* UIKit.framework in Frameworks */,
				A62168151910D41300639990 /* Foundation.framework in Frameworks */,
			);
			runOnlyForDeploymentPostprocessing = 0;
		};
		A62168291910D41300639990 /* Frameworks */ = {
			isa = PBXFrameworksBuildPhase;
			buildActionMask = 2147483647;
			files = (
				A621682E1910D41300639990 /* XCTest.framework in Frameworks */,
				A62168301910D41300639990 /* UIKit.framework in Frameworks */,
				A621682F1910D41300639990 /* Foundation.framework in Frameworks */,
			);
			runOnlyForDeploymentPostprocessing = 0;
		};
/* End PBXFrameworksBuildPhase section */

/* Begin PBXGroup section */
		A62168081910D41300639990 = {
			isa = PBXGroup;
			children = (
				A621681A1910D41300639990 /* blinQ */,
				A62168331910D41300639990 /* blinQTests */,
				A62168131910D41300639990 /* Frameworks */,
				A62168121910D41300639990 /* Products */,
			);
			sourceTree = "<group>";
		};
		A62168121910D41300639990 /* Products */ = {
			isa = PBXGroup;
			children = (
				A62168111910D41300639990 /* blinQ.app */,
				A621682C1910D41300639990 /* blinQTests.xctest */,
			);
			name = Products;
			sourceTree = "<group>";
		};
		A62168131910D41300639990 /* Frameworks */ = {
			isa = PBXGroup;
			children = (
				A6BC98371911743200E3C4F2 /* libz.dylib */,
				A6BC98351911742C00E3C4F2 /* MobileCoreServices.framework */,
				A6BC98331911742500E3C4F2 /* SystemConfiguration.framework */,
				A6BC98311911740E00E3C4F2 /* CFNetwork.framework */,
				A62168141910D41300639990 /* Foundation.framework */,
				A62168161910D41300639990 /* CoreGraphics.framework */,
				A62168181910D41300639990 /* UIKit.framework */,
				A621682D1910D41300639990 /* XCTest.framework */,
			);
			name = Frameworks;
			sourceTree = "<group>";
		};
		A621681A1910D41300639990 /* blinQ */ = {
			isa = PBXGroup;
			children = (
				A6BC9839191181CC00E3C4F2 /* resources */,
				A62168481910DC3200639990 /* view */,
				A621684C1910DC3200639990 /* service */,
				A621684D1910DC3200639990 /* modal */,
				A621684E1910DC3200639990 /* thirdparties */,
				A62168231910D41300639990 /* AppDelegate.h */,
				A62168241910D41300639990 /* AppDelegate.m */,
				A62BC7DF19124F97005E91EC /* Constants.h */,
				A62168261910D41300639990 /* Images.xcassets */,
				A621681B1910D41300639990 /* Supporting Files */,
			);
			path = blinQ;
			sourceTree = "<group>";
		};
		A621681B1910D41300639990 /* Supporting Files */ = {
			isa = PBXGroup;
			children = (
				A621681C1910D41300639990 /* blinQ-Info.plist */,
				A621681D1910D41300639990 /* InfoPlist.strings */,
				A62168201910D41300639990 /* main.m */,
				A62168221910D41300639990 /* blinQ-Prefix.pch */,
			);
			name = "Supporting Files";
			sourceTree = "<group>";
		};
		A62168331910D41300639990 /* blinQTests */ = {
			isa = PBXGroup;
			children = (
				A62168391910D41300639990 /* blinQTests.m */,
				A62168341910D41300639990 /* Supporting Files */,
			);
			path = blinQTests;
			sourceTree = "<group>";
		};
		A62168341910D41300639990 /* Supporting Files */ = {
			isa = PBXGroup;
			children = (
				A62168351910D41300639990 /* blinQTests-Info.plist */,
				A62168361910D41300639990 /* InfoPlist.strings */,
			);
			name = "Supporting Files";
			sourceTree = "<group>";
		};
		A62168481910DC3200639990 /* view */ = {
			isa = PBXGroup;
			children = (
				A62168491910DC3200639990 /* RegisterViewController.h */,
				A621684A1910DC3200639990 /* RegisterViewController.m */,
				A621684B1910DC3200639990 /* RegisterViewController.xib */,
				A697C00D191297C600391A07 /* UserGroupViewController.h */,
				A697C00E191297C600391A07 /* UserGroupViewController.m */,
				A697C00F191297C600391A07 /* UserGroupViewController.xib */,
			);
			path = view;
			sourceTree = "<group>";
		};
		A621684C1910DC3200639990 /* service */ = {
			isa = PBXGroup;
			children = (
				A6A35D921911BBF800E52A56 /* UserService.h */,
				A6A35D931911BBF800E52A56 /* UserService.m */,
				A697C00A1912709300391A07 /* QuestionService.h */,
				A697C00B1912709300391A07 /* QuestionService.m */,
			);
			path = service;
			sourceTree = "<group>";
		};
		A621684D1910DC3200639990 /* modal */ = {
			isa = PBXGroup;
			children = (
				A6A35D8F1911BB6A00E52A56 /* User.h */,
				A6A35D901911BB6A00E52A56 /* User.m */,
				A697C00719125C1600391A07 /* Group.h */,
				A697C00819125C1600391A07 /* Group.m */,
			);
			path = modal;
			sourceTree = "<group>";
		};
		A621684E1910DC3200639990 /* thirdparties */ = {
			isa = PBXGroup;
			children = (
				A621684F1910DC3200639990 /* ASIFormDataRequest */,
				A62168661910DC3200639990 /* GData */,
				A62168691910DC3200639990 /* HUD */,
				A621686C1910DC3200639990 /* JSON */,
				A62168861910DC3200639990 /* Utils */,
			);
			path = thirdparties;
			sourceTree = "<group>";
		};
		A621684F1910DC3200639990 /* ASIFormDataRequest */ = {
			isa = PBXGroup;
			children = (
				A62168501910DC3200639990 /* ASIAuthenticationDialog.h */,
				A62168511910DC3200639990 /* ASIAuthenticationDialog.m */,
				A62168521910DC3200639990 /* ASICacheDelegate.h */,
				A62168531910DC3200639990 /* ASIDataCompressor.h */,
				A62168541910DC3200639990 /* ASIDataCompressor.m */,
				A62168551910DC3200639990 /* ASIDataDecompressor.h */,
				A62168561910DC3200639990 /* ASIDataDecompressor.m */,
				A62168571910DC3200639990 /* ASIDownloadCache.h */,
				A62168581910DC3200639990 /* ASIDownloadCache.m */,
				A62168591910DC3200639990 /* ASIFormDataRequest.h */,
				A621685A1910DC3200639990 /* ASIFormDataRequest.m */,
				A621685B1910DC3200639990 /* ASIHTTPRequest.h */,
				A621685C1910DC3200639990 /* ASIHTTPRequest.m */,
				A621685D1910DC3200639990 /* ASIHTTPRequestConfig.h */,
				A621685E1910DC3200639990 /* ASIHTTPRequestDelegate.h */,
				A621685F1910DC3200639990 /* ASIInputStream.h */,
				A62168601910DC3200639990 /* ASIInputStream.m */,
				A62168611910DC3200639990 /* ASINetworkQueue.h */,
				A62168621910DC3200639990 /* ASINetworkQueue.m */,
				A62168631910DC3200639990 /* ASIProgressDelegate.h */,
				A62168641910DC3200639990 /* Reachability.h */,
				A62168651910DC3200639990 /* Reachability.m */,
			);
			path = ASIFormDataRequest;
			sourceTree = "<group>";
		};
		A62168661910DC3200639990 /* GData */ = {
			isa = PBXGroup;
			children = (
				A62168671910DC3200639990 /* GDataXMLNode.h */,
				A62168681910DC3200639990 /* GDataXMLNode.m */,
			);
			path = GData;
			sourceTree = "<group>";
		};
		A62168691910DC3200639990 /* HUD */ = {
			isa = PBXGroup;
			children = (
				A621686A1910DC3200639990 /* MBProgressHUD.h */,
				A621686B1910DC3200639990 /* MBProgressHUD.m */,
			);
			path = HUD;
			sourceTree = "<group>";
		};
		A621686C1910DC3200639990 /* JSON */ = {
			isa = PBXGroup;
			children = (
				A621686D1910DC3200639990 /* NSObject+SBJson.h */,
				A621686E1910DC3200639990 /* NSObject+SBJson.m */,
				A621686F1910DC3200639990 /* SBJson.h */,
				A62168701910DC3200639990 /* SBJsonParser.h */,
				A62168711910DC3200639990 /* SBJsonParser.m */,
				A62168721910DC3200639990 /* SBJsonStreamParser.h */,
				A62168731910DC3200639990 /* SBJsonStreamParser.m */,
				A62168741910DC3200639990 /* SBJsonStreamParserAccumulator.h */,
				A62168751910DC3200639990 /* SBJsonStreamParserAccumulator.m */,
				A62168761910DC3200639990 /* SBJsonStreamParserAdapter.h */,
				A62168771910DC3200639990 /* SBJsonStreamParserAdapter.m */,
				A62168781910DC3200639990 /* SBJsonStreamParserState.h */,
				A62168791910DC3200639990 /* SBJsonStreamParserState.m */,
				A621687A1910DC3200639990 /* SBJsonStreamWriter.h */,
				A621687B1910DC3200639990 /* SBJsonStreamWriter.m */,
				A621687C1910DC3200639990 /* SBJsonStreamWriterAccumulator.h */,
				A621687D1910DC3200639990 /* SBJsonStreamWriterAccumulator.m */,
				A621687E1910DC3200639990 /* SBJsonStreamWriterState.h */,
				A621687F1910DC3200639990 /* SBJsonStreamWriterState.m */,
				A62168801910DC3200639990 /* SBJsonTokeniser.h */,
				A62168811910DC3200639990 /* SBJsonTokeniser.m */,
				A62168821910DC3200639990 /* SBJsonUTF8Stream.h */,
				A62168831910DC3200639990 /* SBJsonUTF8Stream.m */,
				A62168841910DC3200639990 /* SBJsonWriter.h */,
				A62168851910DC3200639990 /* SBJsonWriter.m */,
			);
			path = JSON;
			sourceTree = "<group>";
		};
		A62168861910DC3200639990 /* Utils */ = {
			isa = PBXGroup;
			children = (
				A697C0121912ABA100391A07 /* UILoadingImageView.m */,
				A697C0131912ABA100391A07 /* UILoadingImageView.h */,
				A697C0141912ABA100391A07 /* UILineFooterView.m */,
				A697C0151912ABA100391A07 /* UILineFooterView.h */,
				A62168871910DC3200639990 /* Utils.h */,
				A62168881910DC3200639990 /* Utils.m */,
			);
			path = Utils;
			sourceTree = "<group>";
		};
		A6BC9839191181CC00E3C4F2 /* resources */ = {
			isa = PBXGroup;
			children = (
				A6BC983A191181CC00E3C4F2 /* avatar.png */,
			);
			path = resources;
			sourceTree = "<group>";
		};
/* End PBXGroup section */

/* Begin PBXNativeTarget section */
		A62168101910D41300639990 /* blinQ */ = {
			isa = PBXNativeTarget;
			buildConfigurationList = A621683D1910D41300639990 /* Build configuration list for PBXNativeTarget "blinQ" */;
			buildPhases = (
				A621680D1910D41300639990 /* Sources */,
				A621680E1910D41300639990 /* Frameworks */,
				A621680F1910D41300639990 /* Resources */,
			);
			buildRules = (
			);
			dependencies = (
			);
			name = blinQ;
			productName = blinQ;
			productReference = A62168111910D41300639990 /* blinQ.app */;
			productType = "com.apple.product-type.application";
		};
		A621682B1910D41300639990 /* blinQTests */ = {
			isa = PBXNativeTarget;
			buildConfigurationList = A62168401910D41300639990 /* Build configuration list for PBXNativeTarget "blinQTests" */;
			buildPhases = (
				A62168281910D41300639990 /* Sources */,
				A62168291910D41300639990 /* Frameworks */,
				A621682A1910D41300639990 /* Resources */,
			);
			buildRules = (
			);
			dependencies = (
				A62168321910D41300639990 /* PBXTargetDependency */,
			);
			name = blinQTests;
			productName = blinQTests;
			productReference = A621682C1910D41300639990 /* blinQTests.xctest */;
			productType = "com.apple.product-type.bundle.unit-test";
		};
/* End PBXNativeTarget section */

/* Begin PBXProject section */
		A62168091910D41300639990 /* Project object */ = {
			isa = PBXProject;
			attributes = {
				LastUpgradeCheck = 0510;
				ORGANIZATIONNAME = templum;
				TargetAttributes = {
					A621682B1910D41300639990 = {
						TestTargetID = A62168101910D41300639990;
					};
				};
			};
			buildConfigurationList = A621680C1910D41300639990 /* Build configuration list for PBXProject "blinQ" */;
			compatibilityVersion = "Xcode 3.2";
			developmentRegion = English;
			hasScannedForEncodings = 0;
			knownRegions = (
				en,
			);
			mainGroup = A62168081910D41300639990;
			productRefGroup = A62168121910D41300639990 /* Products */;
			projectDirPath = "";
			projectRoot = "";
			targets = (
				A62168101910D41300639990 /* blinQ */,
				A621682B1910D41300639990 /* blinQTests */,
			);
		};
/* End PBXProject section */

/* Begin PBXResourcesBuildPhase section */
		A621680F1910D41300639990 /* Resources */ = {
			isa = PBXResourcesBuildPhase;
			buildActionMask = 2147483647;
			files = (
				A6BC983B191181CC00E3C4F2 /* avatar.png in Resources */,
				A621681F1910D41300639990 /* InfoPlist.strings in Resources */,
				A62168271910D41300639990 /* Images.xcassets in Resources */,
				A697C011191297C600391A07 /* UserGroupViewController.xib in Resources */,
				A621688A1910DC3200639990 /* RegisterViewController.xib in Resources */,
			);
			runOnlyForDeploymentPostprocessing = 0;
		};
		A621682A1910D41300639990 /* Resources */ = {
			isa = PBXResourcesBuildPhase;
			buildActionMask = 2147483647;
			files = (
				A62168381910D41300639990 /* InfoPlist.strings in Resources */,
			);
			runOnlyForDeploymentPostprocessing = 0;
		};
/* End PBXResourcesBuildPhase section */

/* Begin PBXSourcesBuildPhase section */
		A621680D1910D41300639990 /* Sources */ = {
			isa = PBXSourcesBuildPhase;
			buildActionMask = 2147483647;
			files = (
				A62168A21910DC3200639990 /* Utils.m in Sources */,
				A621688C1910DC3200639990 /* ASIDataCompressor.m in Sources */,
				A62168A11910DC3200639990 /* SBJsonWriter.m in Sources */,
				A62168251910D41300639990 /* AppDelegate.m in Sources */,
				A62168991910DC3200639990 /* SBJsonStreamParserAccumulator.m in Sources */,
				A62168901910DC3200639990 /* ASIHTTPRequest.m in Sources */,
				A621689C1910DC3200639990 /* SBJsonStreamWriter.m in Sources */,
				A621688B1910DC3200639990 /* ASIAuthenticationDialog.m in Sources */,
				A6A35D911911BB6A00E52A56 /* User.m in Sources */,
				A621689A1910DC3200639990 /* SBJsonStreamParserAdapter.m in Sources */,
				A62168941910DC3200639990 /* GDataXMLNode.m in Sources */,
				A621689D1910DC3200639990 /* SBJsonStreamWriterAccumulator.m in Sources */,
				A62168971910DC3200639990 /* SBJsonParser.m in Sources */,
				A621688F1910DC3200639990 /* ASIFormDataRequest.m in Sources */,
				A621689E1910DC3200639990 /* SBJsonStreamWriterState.m in Sources */,
				A62168891910DC3200639990 /* RegisterViewController.m in Sources */,
				A62168981910DC3200639990 /* SBJsonStreamParser.m in Sources */,
				A62168911910DC3200639990 /* ASIInputStream.m in Sources */,
				A62168211910D41300639990 /* main.m in Sources */,
				A621689B1910DC3200639990 /* SBJsonStreamParserState.m in Sources */,
				A62168921910DC3200639990 /* ASINetworkQueue.m in Sources */,
				A621688D1910DC3200639990 /* ASIDataDecompressor.m in Sources */,
				A697C0161912ABA100391A07 /* UILoadingImageView.m in Sources */,
				A62168931910DC3200639990 /* Reachability.m in Sources */,
				A621688E1910DC3200639990 /* ASIDownloadCache.m in Sources */,
				A697C0171912ABA100391A07 /* UILineFooterView.m in Sources */,
				A697C00C1912709300391A07 /* QuestionService.m in Sources */,
				A62168961910DC3200639990 /* NSObject+SBJson.m in Sources */,
				A62168951910DC3200639990 /* MBProgressHUD.m in Sources */,
				A6A35D941911BBF800E52A56 /* UserService.m in Sources */,
				A697C00919125C1600391A07 /* Group.m in Sources */,
				A62168A01910DC3200639990 /* SBJsonUTF8Stream.m in Sources */,
				A621689F1910DC3200639990 /* SBJsonTokeniser.m in Sources */,
				A697C010191297C600391A07 /* UserGroupViewController.m in Sources */,
			);
			runOnlyForDeploymentPostprocessing = 0;
		};
		A62168281910D41300639990 /* Sources */ = {
			isa = PBXSourcesBuildPhase;
			buildActionMask = 2147483647;
			files = (
				A621683A1910D41300639990 /* blinQTests.m in Sources */,
			);
			runOnlyForDeploymentPostprocessing = 0;
		};
/* End PBXSourcesBuildPhase section */

/* Begin PBXTargetDependency section */
		A62168321910D41300639990 /* PBXTargetDependency */ = {
			isa = PBXTargetDependency;
			target = A62168101910D41300639990 /* blinQ */;
			targetProxy = A62168311910D41300639990 /* PBXContainerItemProxy */;
		};
/* End PBXTargetDependency section */

/* Begin PBXVariantGroup section */
		A621681D1910D41300639990 /* InfoPlist.strings */ = {
			isa = PBXVariantGroup;
			children = (
				A621681E1910D41300639990 /* en */,
			);
			name = InfoPlist.strings;
			sourceTree = "<group>";
		};
		A62168361910D41300639990 /* InfoPlist.strings */ = {
			isa = PBXVariantGroup;
			children = (
				A62168371910D41300639990 /* en */,
			);
			name = InfoPlist.strings;
			sourceTree = "<group>";
		};
/* End PBXVariantGroup section */

/* Begin XCBuildConfiguration section */
		A621683B1910D41300639990 /* Debug */ = {
			isa = XCBuildConfiguration;
			buildSettings = {
				ALWAYS_SEARCH_USER_PATHS = NO;
				CLANG_CXX_LANGUAGE_STANDARD = "gnu++0x";
				CLANG_CXX_LIBRARY = "libc++";
				CLANG_ENABLE_MODULES = YES;
				CLANG_ENABLE_OBJC_ARC = YES;
				CLANG_WARN_BOOL_CONVERSION = YES;
				CLANG_WARN_CONSTANT_CONVERSION = YES;
				CLANG_WARN_DIRECT_OBJC_ISA_USAGE = YES_ERROR;
				CLANG_WARN_EMPTY_BODY = YES;
				CLANG_WARN_ENUM_CONVERSION = YES;
				CLANG_WARN_INT_CONVERSION = YES;
				CLANG_WARN_OBJC_ROOT_CLASS = YES_ERROR;
				CLANG_WARN__DUPLICATE_METHOD_MATCH = YES;
				"CODE_SIGN_IDENTITY[sdk=iphoneos*]" = "iPhone Developer";
				COPY_PHASE_STRIP = NO;
				GCC_C_LANGUAGE_STANDARD = gnu99;
				GCC_DYNAMIC_NO_PIC = NO;
				GCC_OPTIMIZATION_LEVEL = 0;
				GCC_PREPROCESSOR_DEFINITIONS = (
					"DEBUG=1",
					"$(inherited)",
				);
				GCC_SYMBOLS_PRIVATE_EXTERN = NO;
				GCC_WARN_64_TO_32_BIT_CONVERSION = YES;
				GCC_WARN_ABOUT_RETURN_TYPE = YES_ERROR;
				GCC_WARN_UNDECLARED_SELECTOR = YES;
				GCC_WARN_UNINITIALIZED_AUTOS = YES_AGGRESSIVE;
				GCC_WARN_UNUSED_FUNCTION = YES;
				GCC_WARN_UNUSED_VARIABLE = YES;
				IPHONEOS_DEPLOYMENT_TARGET = 7.1;
				ONLY_ACTIVE_ARCH = YES;
				SDKROOT = iphoneos;
			};
			name = Debug;
		};
		A621683C1910D41300639990 /* Release */ = {
			isa = XCBuildConfiguration;
			buildSettings = {
				ALWAYS_SEARCH_USER_PATHS = NO;
				CLANG_CXX_LANGUAGE_STANDARD = "gnu++0x";
				CLANG_CXX_LIBRARY = "libc++";
				CLANG_ENABLE_MODULES = YES;
				CLANG_ENABLE_OBJC_ARC = YES;
				CLANG_WARN_BOOL_CONVERSION = YES;
				CLANG_WARN_CONSTANT_CONVERSION = YES;
				CLANG_WARN_DIRECT_OBJC_ISA_USAGE = YES_ERROR;
				CLANG_WARN_EMPTY_BODY = YES;
				CLANG_WARN_ENUM_CONVERSION = YES;
				CLANG_WARN_INT_CONVERSION = YES;
				CLANG_WARN_OBJC_ROOT_CLASS = YES_ERROR;
				CLANG_WARN__DUPLICATE_METHOD_MATCH = YES;
				"CODE_SIGN_IDENTITY[sdk=iphoneos*]" = "iPhone Developer";
				COPY_PHASE_STRIP = YES;
				ENABLE_NS_ASSERTIONS = NO;
				GCC_C_LANGUAGE_STANDARD = gnu99;
				GCC_WARN_64_TO_32_BIT_CONVERSION = YES;
				GCC_WARN_ABOUT_RETURN_TYPE = YES_ERROR;
				GCC_WARN_UNDECLARED_SELECTOR = YES;
				GCC_WARN_UNINITIALIZED_AUTOS = YES_AGGRESSIVE;
				GCC_WARN_UNUSED_FUNCTION = YES;
				GCC_WARN_UNUSED_VARIABLE = YES;
				IPHONEOS_DEPLOYMENT_TARGET = 7.1;
				SDKROOT = iphoneos;
				VALIDATE_PRODUCT = YES;
			};
			name = Release;
		};
		A621683E1910D41300639990 /* Debug */ = {
			isa = XCBuildConfiguration;
			buildSettings = {
				ASSETCATALOG_COMPILER_APPICON_NAME = AppIcon;
				ASSETCATALOG_COMPILER_LAUNCHIMAGE_NAME = LaunchImage;
				GCC_PRECOMPILE_PREFIX_HEADER = YES;
				GCC_PREFIX_HEADER = "blinQ/blinQ-Prefix.pch";
				HEADER_SEARCH_PATHS = (
					"$(inherited)",
					/Applications/Xcode.app/Contents/Developer/Toolchains/XcodeDefault.xctoolchain/usr/include,
					/usr/include/libxml2,
				);
				INFOPLIST_FILE = "blinQ/blinQ-Info.plist";
				OTHER_LDFLAGS = "-lxml2";
				PRODUCT_NAME = "$(TARGET_NAME)";
				WRAPPER_EXTENSION = app;
			};
			name = Debug;
		};
		A621683F1910D41300639990 /* Release */ = {
			isa = XCBuildConfiguration;
			buildSettings = {
				ASSETCATALOG_COMPILER_APPICON_NAME = AppIcon;
				ASSETCATALOG_COMPILER_LAUNCHIMAGE_NAME = LaunchImage;
				GCC_PRECOMPILE_PREFIX_HEADER = YES;
				GCC_PREFIX_HEADER = "blinQ/blinQ-Prefix.pch";
				HEADER_SEARCH_PATHS = (
					"$(inherited)",
					/Applications/Xcode.app/Contents/Developer/Toolchains/XcodeDefault.xctoolchain/usr/include,
					/usr/include/libxml2,
				);
				INFOPLIST_FILE = "blinQ/blinQ-Info.plist";
				OTHER_LDFLAGS = "-lxml2";
				PRODUCT_NAME = "$(TARGET_NAME)";
				WRAPPER_EXTENSION = app;
			};
			name = Release;
		};
		A62168411910D41300639990 /* Debug */ = {
			isa = XCBuildConfiguration;
			buildSettings = {
				BUNDLE_LOADER = "$(BUILT_PRODUCTS_DIR)/blinQ.app/blinQ";
				FRAMEWORK_SEARCH_PATHS = (
					"$(SDKROOT)/Developer/Library/Frameworks",
					"$(inherited)",
					"$(DEVELOPER_FRAMEWORKS_DIR)",
				);
				GCC_PRECOMPILE_PREFIX_HEADER = YES;
				GCC_PREFIX_HEADER = "blinQ/blinQ-Prefix.pch";
				GCC_PREPROCESSOR_DEFINITIONS = (
					"DEBUG=1",
					"$(inherited)",
				);
				INFOPLIST_FILE = "blinQTests/blinQTests-Info.plist";
				PRODUCT_NAME = "$(TARGET_NAME)";
				TEST_HOST = "$(BUNDLE_LOADER)";
				WRAPPER_EXTENSION = xctest;
			};
			name = Debug;
		};
		A62168421910D41300639990 /* Release */ = {
			isa = XCBuildConfiguration;
			buildSettings = {
				BUNDLE_LOADER = "$(BUILT_PRODUCTS_DIR)/blinQ.app/blinQ";
				FRAMEWORK_SEARCH_PATHS = (
					"$(SDKROOT)/Developer/Library/Frameworks",
					"$(inherited)",
					"$(DEVELOPER_FRAMEWORKS_DIR)",
				);
				GCC_PRECOMPILE_PREFIX_HEADER = YES;
				GCC_PREFIX_HEADER = "blinQ/blinQ-Prefix.pch";
				INFOPLIST_FILE = "blinQTests/blinQTests-Info.plist";
				PRODUCT_NAME = "$(TARGET_NAME)";
				TEST_HOST = "$(BUNDLE_LOADER)";
				WRAPPER_EXTENSION = xctest;
			};
			name = Release;
		};
/* End XCBuildConfiguration section */

/* Begin XCConfigurationList section */
		A621680C1910D41300639990 /* Build configuration list for PBXProject "blinQ" */ = {
			isa = XCConfigurationList;
			buildConfigurations = (
				A621683B1910D41300639990 /* Debug */,
				A621683C1910D41300639990 /* Release */,
			);
			defaultConfigurationIsVisible = 0;
			defaultConfigurationName = Release;
		};
		A621683D1910D41300639990 /* Build configuration list for PBXNativeTarget "blinQ" */ = {
			isa = XCConfigurationList;
			buildConfigurations = (
				A621683E1910D41300639990 /* Debug */,
				A621683F1910D41300639990 /* Release */,
			);
			defaultConfigurationIsVisible = 0;
			defaultConfigurationName = Release;
		};
		A62168401910D41300639990 /* Build configuration list for PBXNativeTarget "blinQTests" */ = {
			isa = XCConfigurationList;
			buildConfigurations = (
				A62168411910D41300639990 /* Debug */,
				A62168421910D41300639990 /* Release */,
			);
			defaultConfigurationIsVisible = 0;
			defaultConfigurationName = Release;
		};
/* End XCConfigurationList section */
	};
	rootObject = A62168091910D41300639990 /* Project object */;
}
